{
  "requires": true,
  "lockfileVersion": 1,
  "dependencies": {
    "vis-network": {
      "version": "8.3.2",
      "resolved": "https://registry.npmjs.org/vis-network/-/vis-network-8.3.2.tgz",
      "integrity": "sha512-vJDctP2gZzZbpgpB+MJxNudsqRGdkRablwdLOWd6yZKZQuEBZltOJSBaSCsyQVMD1gY8mjuYhNRoIcy7g+PDvQ=="
    }
  }
}
